[[package]]
category = "main"
description = "Async http client/server framework (asyncio)"
name = "aiohttp"
optional = false
python-versions = ">=3.5.3"
version = "3.5.4"

[package.dependencies]
async-timeout = ">=3.0,<4.0"
attrs = ">=17.3.0"
chardet = ">=2.0,<4.0"
multidict = ">=4.0,<5.0"
yarl = ">=1.0,<2.0"

[package.dependencies.idna-ssl]
python = "<3.7"
version = ">=1.0"

[package.dependencies.typing-extensions]
python = "<3.7"
version = ">=3.6.5"

[[package]]
category = "main"
description = "Timeout context manager for asyncio programs"
name = "async-timeout"
optional = false
python-versions = ">=3.5.3"
version = "3.0.1"

[[package]]
category = "main"
description = "Classes Without Boilerplate"
name = "attrs"
optional = false
python-versions = ">=2.7, !=3.0.*, !=3.1.*, !=3.2.*, !=3.3.*"
version = "19.1.0"

[[package]]
category = "main"
description = "Python package for providing Mozilla's CA Bundle."
name = "certifi"
optional = false
python-versions = "*"
version = "2019.6.16"

[[package]]
category = "main"
description = "Universal encoding detector for Python 2 and 3"
name = "chardet"
optional = false
python-versions = "*"
version = "3.0.4"

[[package]]
category = "main"
description = "cssselect parses CSS3 Selectors and translates them to XPath 1.0"
name = "cssselect"
optional = false
python-versions = ">=2.7, !=3.0.*, !=3.1.*, !=3.2.*, !=3.3.*"
version = "1.0.3"

[[package]]
category = "main"
description = "Dependency injection microframework for Python"
name = "dependency-injector"
optional = false
python-versions = "*"
version = "3.12.0"

[package.dependencies]
six = ">=1.7.0,<=1.11.0"

[[package]]
category = "main"
description = ""
name = "gopac"
optional = false
python-versions = "*"
version = "0.0.4"

[package.dependencies]
requests = ">=2.18.4"

[package.source]
reference = "acf8716ab8504edfa95e32335d17dd5daa634a4d"
type = "git"
url = "https://alex925@bitbucket.org/alex925/gopac.git"
[[package]]
category = "main"
description = "Internationalized Domain Names in Applications (IDNA)"
name = "idna"
optional = false
python-versions = "*"
version = "2.6"

[[package]]
category = "main"
description = "Patch ssl.match_hostname for Unicode(idna) domains support"
marker = "python_version < \"3.7\""
name = "idna-ssl"
optional = false
python-versions = "*"
version = "1.1.0"

[package.dependencies]
idna = ">=2.0"

[[package]]
category = "main"
description = "Powerful and Pythonic XML processing library combining libxml2/libxslt with the ElementTree API."
name = "lxml"
optional = false
python-versions = "*"
version = "4.2.1"

[[package]]
category = "main"
description = "multidict implementation"
name = "multidict"
optional = false
python-versions = ">=3.4.1"
version = "4.5.2"

[[package]]
category = "main"
description = "Python bindings for the Qt cross platform UI and application toolkit"
name = "pyqt5"
optional = false
python-versions = "*"
version = "5.10.1"

[[package]]
category = "main"
description = "Implementation of the PEP 3156 Event-Loop with Qt."
name = "quamash"
optional = false
python-versions = "*"
version = "0.6.1"

[[package]]
category = "main"
description = "Python HTTP for Humans."
name = "requests"
optional = false
python-versions = "*"
version = "2.18.4"

[package.dependencies]
certifi = ">=2017.4.17"
chardet = ">=3.0.2,<3.1.0"
idna = ">=2.5,<2.7"
urllib3 = ">=1.21.1,<1.23"

[[package]]
category = "main"
description = "Python extension module generator for C and C++ libraries"
name = "sip"
optional = false
python-versions = "*"
version = "4.19.8"

[[package]]
category = "main"
description = "Python 2 and 3 compatibility utilities"
name = "six"
optional = false
python-versions = "*"
version = "1.11.0"

[[package]]
category = "main"
description = "Database Abstraction Library"
name = "sqlalchemy"
optional = false
python-versions = "*"
version = "1.2.7"

[[package]]
category = "main"
description = "Type Hints for Python"
marker = "python_version < \"3.7\""
name = "typing"
optional = false
python-versions = "*"
version = "3.7.4"

[[package]]
category = "main"
description = "Backported and Experimental Type Hints for Python 3.5+"
marker = "python_version < \"3.7\""
name = "typing-extensions"
optional = false
python-versions = "*"
version = "3.7.4"

[package.dependencies]
typing = ">=3.7.4"

[[package]]
category = "main"
description = "HTTP library with thread-safe connection pooling, file post, and more."
name = "urllib3"
optional = false
python-versions = "*"
version = "1.22"

[[package]]
category = "main"
description = "Yet another URL library"
name = "yarl"
optional = false
python-versions = ">=3.5.3"
version = "1.3.0"

[package.dependencies]
idna = ">=2.0"
multidict = ">=4.0"

[metadata]
content-hash = "7ef4080b6df9559771267da31dc943bd7168258815df2c897f1565a5273ffe35"
python-versions = "^3.6"

[metadata.hashes]
aiohttp = ["00d198585474299c9c3b4f1d5de1a576cc230d562abc5e4a0e81d71a20a6ca55", "0155af66de8c21b8dba4992aaeeabf55503caefae00067a3b1139f86d0ec50ed", "09654a9eca62d1bd6d64aa44db2498f60a5c1e0ac4750953fdd79d5c88955e10", "199f1d106e2b44b6dacdf6f9245493c7d716b01d0b7fbe1959318ba4dc64d1f5", "296f30dedc9f4b9e7a301e5cc963012264112d78a1d3094cd83ef148fdf33ca1", "368ed312550bd663ce84dc4b032a962fcb3c7cae099dbbd48663afc305e3b939", "40d7ea570b88db017c51392349cf99b7aefaaddd19d2c78368aeb0bddde9d390", "629102a193162e37102c50713e2e31dc9a2fe7ac5e481da83e5bb3c0cee700aa", "6d5ec9b8948c3d957e75ea14d41e9330e1ac3fed24ec53766c780f82805140dc", "87331d1d6810214085a50749160196391a712a13336cd02ce1c3ea3d05bcf8d5", "9a02a04bbe581c8605ac423ba3a74999ec9d8bce7ae37977a3d38680f5780b6d", "9c4c83f4fa1938377da32bc2d59379025ceeee8e24b89f72fcbccd8ca22dc9bf", "9cddaff94c0135ee627213ac6ca6d05724bfe6e7a356e5e09ec57bd3249510f6", "a25237abf327530d9561ef751eef9511ab56fd9431023ca6f4803f1994104d72", "a5cbd7157b0e383738b8e29d6e556fde8726823dae0e348952a61742b21aeb12", "a97a516e02b726e089cffcde2eea0d3258450389bbac48cbe89e0f0b6e7b0366", "acc89b29b5f4e2332d65cd1b7d10c609a75b88ef8925d487a611ca788432dfa4", "b05bd85cc99b06740aad3629c2585bda7b83bd86e080b44ba47faf905fdf1300", "c2bec436a2b5dafe5eaeb297c03711074d46b6eb236d002c13c42f25c4a8ce9d", "cc619d974c8c11fe84527e4b5e1c07238799a8c29ea1c1285149170524ba9303", "d4392defd4648badaa42b3e101080ae3313e8f4787cb517efd3f5b8157eaefd6", "e1c3c582ee11af7f63a34a46f0448fca58e59889396ffdae1f482085061a2889"]
async-timeout = ["0c3c816a028d47f659d6ff5c745cb2acf1f966da1fe5c19c77a70282b25f4c5f", "4291ca197d287d274d0b6cb5d6f8f8f82d434ed288f962539ff18cc9012f9ea3"]
attrs = ["69c0dbf2ed392de1cb5ec704444b08a5ef81680a61cb899dc08127123af36a79", "f0b870f674851ecbfbbbd364d6b5cbdff9dcedbc7f3f5e18a6891057f21fe399"]
certifi = ["046832c04d4e752f37383b628bc601a7ea7211496b4638f6514d0e5b9acc4939", "945e3ba63a0b9f577b1395204e13c3a231f9bc0223888be653286534e5873695"]
chardet = ["84ab92ed1c4d4f16916e05906b6b75a6c0fb5db821cc65e70cbd64a3e2a5eaae", "fc323ffcaeaed0e0a02bf4d117757b98aed530d9ed4531e3e15460124c106691"]
cssselect = ["066d8bc5229af09617e24b3ca4d52f1f9092d9e061931f4184cd572885c23204", "3b5103e8789da9e936a68d993b70df732d06b8bb9a337a05ed4eb52c17ef7206"]
dependency-injector = ["f14c42ffd1f7f93a0b5e0465dc1afbe4d6e82fa58b0c6fd7d933ee6230484823"]
gopac = []
idna = ["2c6a5de3089009e3da7c5dde64a141dbc8551d5b7f6cf4ed7c2568d0cc520a8f", "8c7309c718f94b3a625cb648ace320157ad16ff131ae0af362c9f21b80ef6ec4"]
idna-ssl = ["a933e3bb13da54383f9e8f35dc4f9cb9eb9b3b78c6b36f311254d6d0d92c6c7c"]
lxml = ["01c45df6d90497c20aa2a07789a41941f9a1029faa30bf725fc7f6d515b1afe9", "0c9fef4f8d444e337df96c54544aeb85b7215b2ed7483bb6c35de97ac99f1bcd", "0e3cd94c95d30ba9ca3cff40e9b2a14e1a10a4fd8131105b86c6b61648f57e4b", "0e7996e9b46b4d8b4ac1c329a00e2d10edcd8380b95d2a676fccabf4c1dd0512", "1858b1933d483ec5727549d3fe166eeb54229fbd6a9d3d7ea26d2c8a28048058", "1b164bba1320b14905dcff77da10d5ce9c411ac4acc4fb4ed9a2a4d10fae38c9", "1b46f37927fa6cd1f3fe34b54f1a23bd5bea1d905657289e08e1297069a1a597", "231047b05907315ae9a9b6925751f9fd2c479cf7b100fff62485a25e382ca0d4", "28f0c6652c1b130f1e576b60532f84b19379485eb8da6185c29bd8c9c9bc97bf", "34d49d0f72dd82b9530322c48b70ac78cca0911275da741c3b1d2f3603c5f295", "3682a17fbf72d56d7e46db2e80ca23850b79c28cfe75dcd9b82f58808f730909", "3cf2830b9a6ad7f6e965fa53a768d4d2372a7856f20ffa6ce43d2fe9c0d34b19", "5b653c9379ce29ce271fbe1010c5396670f018e78b643e21beefbb3dc6d291de", "65a272821d5d8194358d6b46f3ca727fa56a6b63981606eac737c86d27309cdd", "691f2cd97cf026c611df1ea5055755eec7f878f2d4f4330dc8686583de6fc5fd", "6b6379495d3baacf7ed755ac68547c8dff6ce5d37bf370f0b7678888dc1283f9", "75322a531504d4f383264391d89993a42e286da8821ddc5ac315e57305cb84f0", "7f457cbda964257f443bac861d3a36732dcba8183149e7818ee2fb7c86901b94", "7ff1fc76d8804e0f870c343a72007ff587090c218b0f92d8ee784ac2b6eaf5b9", "8523fbde9c2216f3f2b950cb01ebe52e785eaa8a07ffeb456dd3576ca1b4fb9b", "8f37627f16e026523fca326f1b5c9a43534862fede6c3e99c2ba6a776d75c1ab", "a7182ea298cc3555ea56ffbb0748fe0d5e0d81451e2bc16d7f4645cd01b1ca70", "abbd2fb4a5a04c11b5e04eb146659a0cf67bb237dd3d7ca3b9994d3a9f826e55", "accc9f6b77bed0a6f267b4fae120f6008a951193d548cdbe9b61fc98a08b1cf8", "bd88c8ce0d1504fdfd96a35911dd4f3edfb2e560d7cfdb5a3d09aa571ae5fbae", "c557ad647facb3c0027a9d0af58853f905e85a0a2f04dcb73f8e665272fcdc3a", "defabb7fbb99f9f7b3e0b24b286a46855caef4776495211b066e9e6592d12b04", "e2629cdbcad82b83922a3488937632a4983ecc0fed3e5cfbf430d069382eeb9b"]
multidict = ["024b8129695a952ebd93373e45b5d341dbb87c17ce49637b34000093f243dd4f", "041e9442b11409be5e4fc8b6a97e4bcead758ab1e11768d1e69160bdde18acc3", "045b4dd0e5f6121e6f314d81759abd2c257db4634260abcfe0d3f7083c4908ef", "047c0a04e382ef8bd74b0de01407e8d8632d7d1b4db6f2561106af812a68741b", "068167c2d7bbeebd359665ac4fff756be5ffac9cda02375b5c5a7c4777038e73", "148ff60e0fffa2f5fad2eb25aae7bef23d8f3b8bdaf947a65cdbe84a978092bc", "1d1c77013a259971a72ddaa83b9f42c80a93ff12df6a4723be99d858fa30bee3", "1d48bc124a6b7a55006d97917f695effa9725d05abe8ee78fd60d6588b8344cd", "31dfa2fc323097f8ad7acd41aa38d7c614dd1960ac6681745b6da124093dc351", "34f82db7f80c49f38b032c5abb605c458bac997a6c3142e0d6c130be6fb2b941", "3d5dd8e5998fb4ace04789d1d008e2bb532de501218519d70bb672c4c5a2fc5d", "4a6ae52bd3ee41ee0f3acf4c60ceb3f44e0e3bc52ab7da1c2b2aa6703363a3d1", "4b02a3b2a2f01d0490dd39321c74273fed0568568ea0e7ea23e02bd1fb10a10b", "4b843f8e1dd6a3195679d9838eb4670222e8b8d01bc36c9894d6c3538316fa0a", "5de53a28f40ef3c4fd57aeab6b590c2c663de87a5af76136ced519923d3efbb3", "61b2b33ede821b94fa99ce0b09c9ece049c7067a33b279f343adfe35108a4ea7", "6a3a9b0f45fd75dc05d8e93dc21b18fc1670135ec9544d1ad4acbcf6b86781d0", "76ad8e4c69dadbb31bad17c16baee61c0d1a4a73bed2590b741b2e1a46d3edd0", "7ba19b777dc00194d1b473180d4ca89a054dd18de27d0ee2e42a103ec9b7d014", "7c1b7eab7a49aa96f3db1f716f0113a8a2e93c7375dd3d5d21c4941f1405c9c5", "7fc0eee3046041387cbace9314926aa48b681202f8897f8bff3809967a049036", "8ccd1c5fff1aa1427100ce188557fc31f1e0a383ad8ec42c559aabd4ff08802d", "8e08dd76de80539d613654915a2f5196dbccc67448df291e69a88712ea21e24a", "c18498c50c59263841862ea0501da9f2b3659c00db54abfbf823a80787fde8ce", "c49db89d602c24928e68c0d510f4fcf8989d77defd01c973d6cbe27e684833b1", "ce20044d0317649ddbb4e54dab3c1bcc7483c78c27d3f58ab3d0c7e6bc60d26a", "d1071414dd06ca2eafa90c85a079169bfeb0e5f57fd0b45d44c092546fcd6fd9", "d3be11ac43ab1a3e979dac80843b42226d5d3cccd3986f2e03152720a4297cd7", "db603a1c235d110c860d5f39988ebc8218ee028f07a7cbc056ba6424372ca31b"]
pyqt5 = ["1e652910bd1ffd23a3a48c510ecad23a57a853ed26b782cd54b16658e6f271ac", "4db7113f464c733a99fcb66c4c093a47cf7204ad3f8b3bda502efcc0839ac14b", "9c17ab3974c1fc7bbb04cc1c9dae780522c0ebc158613f3025fccae82227b5f7", "f6035baa009acf45e5f460cf88f73580ad5dc0e72330029acd99e477f20a5d61"]
quamash = ["6a31a6c9be7c20591e65a082b87566c82ccdfee4a7a11714655bd41b98f61b5c", "efe91865bba9c0afa898d037d152ef4e6eb7e714b29d632543cc14c86890cea3"]
requests = ["6a1b267aa90cac58ac3a765d067950e7dbbf75b1da07e895d1f594193a40a38b", "9c443e7324ba5b85070c4a818ade28bfabedf16ea10206da1132edaa6dda237e"]
sip = ["09f9a4e6c28afd0bafedb26ffba43375b97fe7207bd1a0d3513f79b7d168b331", "105edaaa1c8aa486662226360bd3999b4b89dd56de3e314d82b83ed0587d8783", "1bb10aac55bd5ab0e2ee74b3047aa2016cfa7932077c73f602a6f6541af8cd51", "265ddf69235dd70571b7d4da20849303b436192e875ce7226be7144ca702a45c", "52074f7cb5488e8b75b52f34ec2230bc75d22986c7fe5cd3f2d266c23f3349a7", "5ff887a33839de8fc77d7f69aed0259b67a384dc91a1dc7588e328b0b980bde2", "74da4ddd20c5b35c19cda753ce1e8e1f71616931391caeac2de7a1715945c679", "7d69e9cf4f8253a3c0dfc5ba6bb9ac8087b8239851f22998e98cb35cfe497b68", "97bb93ee0ef01ba90f57be2b606e08002660affd5bc380776dd8b0fcaa9e093a", "cf98150a99e43fda7ae22abe655b6f202e491d6291486548daa56cb15a2fcf85", "d9023422127b94d11c1a84bfa94933e959c484f2c79553c1ef23c69fe00d25f8", "e72955e12f4fccf27aa421be383453d697b8a44bde2cc26b08d876fd492d0174"]
six = ["70e8a77beed4562e7f14fe23a786b54f6296e34344c23bc42f07b15018ff98e9", "832dc0e10feb1aa2c68dcc57dbb658f1c7e65b9b61af69048abc87a2db00a0eb"]
sqlalchemy = ["d6cda03b0187d6ed796ff70e87c9a7dce2c2c9650a7bc3c022cd331416853c31"]
typing = ["38566c558a0a94d6531012c8e917b1b8518a41e418f7f15f00e129cc80162ad3", "53765ec4f83a2b720214727e319607879fec4acde22c4fbb54fa2604e79e44ce", "84698954b4e6719e912ef9a42a2431407fe3755590831699debda6fba92aac55"]
typing-extensions = ["2ed632b30bb54fc3941c382decfd0ee4148f5c591651c9272473fea2c6397d95", "b1edbbf0652660e32ae780ac9433f4231e7339c7f9a8057d0f042fcbcea49b87", "d8179012ec2c620d3791ca6fe2bf7979d979acdbef1fca0bc56b37411db682ed"]
urllib3 = ["06330f386d6e4b195fbfc736b297f58c5a892e4440e54d294d7004e3a9bbea1b", "cc44da8e1145637334317feebd728bd869a35285b93cbb4cca2577da7e62db4f"]
yarl = ["024ecdc12bc02b321bc66b41327f930d1c2c543fa9a561b39861da9388ba7aa9", "2f3010703295fbe1aec51023740871e64bb9664c789cba5a6bdf404e93f7568f", "3890ab952d508523ef4881457c4099056546593fa05e93da84c7250516e632eb", "3e2724eb9af5dc41648e5bb304fcf4891adc33258c6e14e2a7414ea32541e320", "5badb97dd0abf26623a9982cd448ff12cb39b8e4c94032ccdedf22ce01a64842", "73f447d11b530d860ca1e6b582f947688286ad16ca42256413083d13f260b7a0", "7ab825726f2940c16d92aaec7d204cfc34ac26c0040da727cf8ba87255a33829", "b25de84a8c20540531526dfbb0e2d2b648c13fd5dd126728c496d7c3fea33310", "c6e341f5a6562af74ba55205dbd56d248daf1b5748ec48a0200ba227bb9e33f4", "c9bb7c249c4432cd47e75af3864bc02d26c9594f49c82e2a28624417f0ae63b8", "e060906c0c585565c718d1c3841747b61c5439af2211e185f6739a9412dfbde1"]
